
Microsoft Visual Studio Solution File, Format Version 12.00
# Visual Studio Version 17
VisualStudioVersion = 17.1.32328.378
MinimumVisualStudioVersion = 10.0.40219.1
Project("{9A19103F-16F7-4668-BE54-9A1E7A4F7556}") = "PeliculasApi", "PeliculasApi\PeliculasApi.csproj", "{6EA192F6-CFF0-45BB-A306-B5AF45EA7CE4}"
EndProject
Project("{FAE04EC0-301F-11D3-BF4B-00C04F79EFBC}") = "PeliculasApi.Test", "PeliculasApi.Test\PeliculasApi.Test.csproj", "{86514328-49DE-4C98-AEAC-034DA0DB347E}"
EndProject
Global
	GlobalSection(SolutionConfigurationPlatforms) = preSolution
		Debug|Any CPU = Debug|Any CPU
		Release|Any CPU = Release|Any CPU
	EndGlobalSection
	GlobalSection(ProjectConfigurationPlatforms) = postSolution
		{6EA192F6-CFF0-45BB-A306-B5AF45EA7CE4}.Debug|Any CPU.ActiveCfg = Debug|Any CPU
		{6EA192F6-CFF0-45BB-A306-B5AF45EA7CE4}.Debug|Any CPU.Build.0 = Debug|Any CPU
		{6EA192F6-CFF0-45BB-A306-B5AF45EA7CE4}.Release|Any CPU.ActiveCfg = Release|Any CPU
		{6EA192F6-CFF0-45BB-A306-B5AF45EA7CE4}.Release|Any CPU.Build.0 = Release|Any CPU
		{86514328-49DE-4C98-AEAC-034DA0DB347E}.Debug|Any CPU.ActiveCfg = Debug|Any CPU
		{86514328-49DE-4C98-AEAC-034DA0DB347E}.Debug|Any CPU.Build.0 = Debug|Any CPU
		{86514328-49DE-4C98-AEAC-034DA0DB347E}.Release|Any CPU.ActiveCfg = Release|Any CPU
		{86514328-49DE-4C98-AEAC-034DA0DB347E}.Release|Any CPU.Build.0 = Release|Any CPU
	EndGlobalSection
	GlobalSection(SolutionProperties) = preSolution
		HideSolutionNode = FALSE
	EndGlobalSection
	GlobalSection(ExtensibilityGlobals) = postSolution
		SolutionGuid = {AD6FB491-5074-47A6-9E4E-C52C604FA607}
	EndGlobalSection
EndGlobal
